// !$*UTF8*$!
{
	archiveVersion = 1;
	classes = {
	};
	objectVersion = 46;
	objects = {

/* Begin PBXBuildFile section */
		275CCBFA1AFB38BF00C92955 /* TimerViewController.m in Sources */ = {isa = PBXBuildFile; fileRef = 275CCBF91AFB38BF00C92955 /* TimerViewController.m */; };
		275CCBFD1AFB3B0C00C92955 /* ExerciseViewController.m in Sources */ = {isa = PBXBuildFile; fileRef = 275CCBFC1AFB3B0C00C92955 /* ExerciseViewController.m */; };
		275CCC011AFC915300C92955 /* Iphone Sms Original.mp3 in Resources */ = {isa = PBXBuildFile; fileRef = 275CCC001AFC915300C92955 /* Iphone Sms Original.mp3 */; };
		2797CF291AF9B14C000FB1B3 /* main.m in Sources */ = {isa = PBXBuildFile; fileRef = 2797CF281AF9B14C000FB1B3 /* main.m */; };
		2797CF2C1AF9B14C000FB1B3 /* AppDelegate.m in Sources */ = {isa = PBXBuildFile; fileRef = 2797CF2B1AF9B14C000FB1B3 /* AppDelegate.m */; };
		2797CF2F1AF9B14C000FB1B3 /* ViewController.m in Sources */ = {isa = PBXBuildFile; fileRef = 2797CF2E1AF9B14C000FB1B3 /* ViewController.m */; };
		2797CF321AF9B14C000FB1B3 /* Main.storyboard in Resources */ = {isa = PBXBuildFile; fileRef = 2797CF301AF9B14C000FB1B3 /* Main.storyboard */; };
		2797CF341AF9B14C000FB1B3 /* Images.xcassets in Resources */ = {isa = PBXBuildFile; fileRef = 2797CF331AF9B14C000FB1B3 /* Images.xcassets */; };
		2797CF371AF9B14C000FB1B3 /* LaunchScreen.xib in Resources */ = {isa = PBXBuildFile; fileRef = 2797CF351AF9B14C000FB1B3 /* LaunchScreen.xib */; };
		2797CF431AF9B14C000FB1B3 /* iStrongLiftTests.m in Sources */ = {isa = PBXBuildFile; fileRef = 2797CF421AF9B14C000FB1B3 /* iStrongLiftTests.m */; };
		2797CF4E1AF9BFDF000FB1B3 /* SettingsViewController.m in Sources */ = {isa = PBXBuildFile; fileRef = 2797CF4D1AF9BFDF000FB1B3 /* SettingsViewController.m */; };
		2797CF511AF9C500000FB1B3 /* User.m in Sources */ = {isa = PBXBuildFile; fileRef = 2797CF501AF9C500000FB1B3 /* User.m */; };
		2797CF551AFAA0F0000FB1B3 /* Workout.m in Sources */ = {isa = PBXBuildFile; fileRef = 2797CF541AFAA0F0000FB1B3 /* Workout.m */; };
		2797CF581AFAA3C3000FB1B3 /* Exercise.m in Sources */ = {isa = PBXBuildFile; fileRef = 2797CF571AFAA3C3000FB1B3 /* Exercise.m */; };
		2797CF5B1AFADE40000FB1B3 /* Set.m in Sources */ = {isa = PBXBuildFile; fileRef = 2797CF5A1AFADE40000FB1B3 /* Set.m */; };
		2797CF5E1AFAE406000FB1B3 /* WorkoutViewController.m in Sources */ = {isa = PBXBuildFile; fileRef = 2797CF5D1AFAE406000FB1B3 /* WorkoutViewController.m */; };
/* End PBXBuildFile section */

/* Begin PBXContainerItemProxy section */
		2797CF3D1AF9B14C000FB1B3 /* PBXContainerItemProxy */ = {
			isa = PBXContainerItemProxy;
			containerPortal = 2797CF1B1AF9B14C000FB1B3 /* Project object */;
			proxyType = 1;
			remoteGlobalIDString = 2797CF221AF9B14C000FB1B3;
			remoteInfo = iStrongLift;
		};
/* End PBXContainerItemProxy section */

/* Begin PBXFileReference section */
		275CCBF81AFB38BF00C92955 /* TimerViewController.h */ = {isa = PBXFileReference; fileEncoding = 4; lastKnownFileType = sourcecode.c.h; path = TimerViewController.h; sourceTree = "<group>"; };
		275CCBF91AFB38BF00C92955 /* TimerViewController.m */ = {isa = PBXFileReference; fileEncoding = 4; lastKnownFileType = sourcecode.c.objc; path = TimerViewController.m; sourceTree = "<group>"; };
		275CCBFB1AFB3B0C00C92955 /* ExerciseViewController.h */ = {isa = PBXFileReference; fileEncoding = 4; lastKnownFileType = sourcecode.c.h; path = ExerciseViewController.h; sourceTree = "<group>"; };
		275CCBFC1AFB3B0C00C92955 /* ExerciseViewController.m */ = {isa = PBXFileReference; fileEncoding = 4; lastKnownFileType = sourcecode.c.objc; path = ExerciseViewController.m; sourceTree = "<group>"; };
		275CCC001AFC915300C92955 /* Iphone Sms Original.mp3 */ = {isa = PBXFileReference; lastKnownFileType = audio.mp3; path = "Iphone Sms Original.mp3"; sourceTree = "<group>"; };
		2797CF231AF9B14C000FB1B3 /* iStrongLift.app */ = {isa = PBXFileReference; explicitFileType = wrapper.application; includeInIndex = 0; path = iStrongLift.app; sourceTree = BUILT_PRODUCTS_DIR; };
		2797CF271AF9B14C000FB1B3 /* Info.plist */ = {isa = PBXFileReference; lastKnownFileType = text.plist.xml; path = Info.plist; sourceTree = "<group>"; };
		2797CF281AF9B14C000FB1B3 /* main.m */ = {isa = PBXFileReference; lastKnownFileType = sourcecode.c.objc; path = main.m; sourceTree = "<group>"; };
		2797CF2A1AF9B14C000FB1B3 /* AppDelegate.h */ = {isa = PBXFileReference; lastKnownFileType = sourcecode.c.h; path = AppDelegate.h; sourceTree = "<group>"; };
		2797CF2B1AF9B14C000FB1B3 /* AppDelegate.m */ = {isa = PBXFileReference; lastKnownFileType = sourcecode.c.objc; path = AppDelegate.m; sourceTree = "<group>"; };
		2797CF2D1AF9B14C000FB1B3 /* ViewController.h */ = {isa = PBXFileReference; lastKnownFileType = sourcecode.c.h; path = ViewController.h; sourceTree = "<group>"; };
		2797CF2E1AF9B14C000FB1B3 /* ViewController.m */ = {isa = PBXFileReference; lastKnownFileType = sourcecode.c.objc; path = ViewController.m; sourceTree = "<group>"; };
		2797CF311AF9B14C000FB1B3 /* Base */ = {isa = PBXFileReference; lastKnownFileType = file.storyboard; name = Base; path = Base.lproj/Main.storyboard; sourceTree = "<group>"; };
		2797CF331AF9B14C000FB1B3 /* Images.xcassets */ = {isa = PBXFileReference; lastKnownFileType = folder.assetcatalog; path = Images.xcassets; sourceTree = "<group>"; };
		2797CF361AF9B14C000FB1B3 /* Base */ = {isa = PBXFileReference; lastKnownFileType = file.xib; name = Base; path = Base.lproj/LaunchScreen.xib; sourceTree = "<group>"; };
		2797CF3C1AF9B14C000FB1B3 /* iStrongLiftTests.xctest */ = {isa = PBXFileReference; explicitFileType = wrapper.cfbundle; includeInIndex = 0; path = iStrongLiftTests.xctest; sourceTree = BUILT_PRODUCTS_DIR; };
		2797CF411AF9B14C000FB1B3 /* Info.plist */ = {isa = PBXFileReference; lastKnownFileType = text.plist.xml; path = Info.plist; sourceTree = "<group>"; };
		2797CF421AF9B14C000FB1B3 /* iStrongLiftTests.m */ = {isa = PBXFileReference; lastKnownFileType = sourcecode.c.objc; path = iStrongLiftTests.m; sourceTree = "<group>"; };
		2797CF4C1AF9BFDF000FB1B3 /* SettingsViewController.h */ = {isa = PBXFileReference; fileEncoding = 4; lastKnownFileType = sourcecode.c.h; path = SettingsViewController.h; sourceTree = "<group>"; };
		2797CF4D1AF9BFDF000FB1B3 /* SettingsViewController.m */ = {isa = PBXFileReference; fileEncoding = 4; lastKnownFileType = sourcecode.c.objc; path = SettingsViewController.m; sourceTree = "<group>"; };
		2797CF4F1AF9C500000FB1B3 /* User.h */ = {isa = PBXFileReference; fileEncoding = 4; lastKnownFileType = sourcecode.c.h; path = User.h; sourceTree = "<group>"; };
		2797CF501AF9C500000FB1B3 /* User.m */ = {isa = PBXFileReference; fileEncoding = 4; lastKnownFileType = sourcecode.c.objc; path = User.m; sourceTree = "<group>"; };
		2797CF531AFAA0F0000FB1B3 /* Workout.h */ = {isa = PBXFileReference; fileEncoding = 4; lastKnownFileType = sourcecode.c.h; path = Workout.h; sourceTree = "<group>"; };
		2797CF541AFAA0F0000FB1B3 /* Workout.m */ = {isa = PBXFileReference; fileEncoding = 4; lastKnownFileType = sourcecode.c.objc; path = Workout.m; sourceTree = "<group>"; };
		2797CF561AFAA3C3000FB1B3 /* Exercise.h */ = {isa = PBXFileReference; fileEncoding = 4; lastKnownFileType = sourcecode.c.h; path = Exercise.h; sourceTree = "<group>"; };
		2797CF571AFAA3C3000FB1B3 /* Exercise.m */ = {isa = PBXFileReference; fileEncoding = 4; lastKnownFileType = sourcecode.c.objc; path = Exercise.m; sourceTree = "<group>"; };
		2797CF591AFADE40000FB1B3 /* Set.h */ = {isa = PBXFileReference; fileEncoding = 4; lastKnownFileType = sourcecode.c.h; path = Set.h; sourceTree = "<group>"; };
		2797CF5A1AFADE40000FB1B3 /* Set.m */ = {isa = PBXFileReference; fileEncoding = 4; lastKnownFileType = sourcecode.c.objc; path = Set.m; sourceTree = "<group>"; };
		2797CF5C1AFAE406000FB1B3 /* WorkoutViewController.h */ = {isa = PBXFileReference; fileEncoding = 4; lastKnownFileType = sourcecode.c.h; path = WorkoutViewController.h; sourceTree = "<group>"; };
		2797CF5D1AFAE406000FB1B3 /* WorkoutViewController.m */ = {isa = PBXFileReference; fileEncoding = 4; lastKnownFileType = sourcecode.c.objc; path = WorkoutViewController.m; sourceTree = "<group>"; };
/* End PBXFileReference section */

/* Begin PBXFrameworksBuildPhase section */
		2797CF201AF9B14C000FB1B3 /* Frameworks */ = {
			isa = PBXFrameworksBuildPhase;
			buildActionMask = 2147483647;
			files = (
			);
			runOnlyForDeploymentPostprocessing = 0;
		};
		2797CF391AF9B14C000FB1B3 /* Frameworks */ = {
			isa = PBXFrameworksBuildPhase;
			buildActionMask = 2147483647;
			files = (
			);
			runOnlyForDeploymentPostprocessing = 0;
		};
/* End PBXFrameworksBuildPhase section */

/* Begin PBXGroup section */
		2797CF1A1AF9B14C000FB1B3 = {
			isa = PBXGroup;
			children = (
				2797CF251AF9B14C000FB1B3 /* iStrongLift */,
				2797CF3F1AF9B14C000FB1B3 /* iStrongLiftTests */,
				2797CF241AF9B14C000FB1B3 /* Products */,
			);
			sourceTree = "<group>";
		};
		2797CF241AF9B14C000FB1B3 /* Products */ = {
			isa = PBXGroup;
			children = (
				2797CF231AF9B14C000FB1B3 /* iStrongLift.app */,
				2797CF3C1AF9B14C000FB1B3 /* iStrongLiftTests.xctest */,
			);
			name = Products;
			sourceTree = "<group>";
		};
		2797CF251AF9B14C000FB1B3 /* iStrongLift */ = {
			isa = PBXGroup;
			children = (
				2797CF2D1AF9B14C000FB1B3 /* ViewController.h */,
				2797CF2E1AF9B14C000FB1B3 /* ViewController.m */,
				2797CF4C1AF9BFDF000FB1B3 /* SettingsViewController.h */,
				2797CF4D1AF9BFDF000FB1B3 /* SettingsViewController.m */,
				2797CF5C1AFAE406000FB1B3 /* WorkoutViewController.h */,
				2797CF5D1AFAE406000FB1B3 /* WorkoutViewController.m */,
				275CCBFB1AFB3B0C00C92955 /* ExerciseViewController.h */,
				275CCBFC1AFB3B0C00C92955 /* ExerciseViewController.m */,
				275CCBF81AFB38BF00C92955 /* TimerViewController.h */,
				275CCBF91AFB38BF00C92955 /* TimerViewController.m */,
				2797CF301AF9B14C000FB1B3 /* Main.storyboard */,
				275CCC001AFC915300C92955 /* Iphone Sms Original.mp3 */,
				2797CF521AF9C507000FB1B3 /* Model */,
				2797CF331AF9B14C000FB1B3 /* Images.xcassets */,
				2797CF351AF9B14C000FB1B3 /* LaunchScreen.xib */,
				2797CF261AF9B14C000FB1B3 /* Supporting Files */,
			);
			path = iStrongLift;
			sourceTree = "<group>";
		};
		2797CF261AF9B14C000FB1B3 /* Supporting Files */ = {
			isa = PBXGroup;
			children = (
				2797CF2A1AF9B14C000FB1B3 /* AppDelegate.h */,
				2797CF2B1AF9B14C000FB1B3 /* AppDelegate.m */,
				2797CF271AF9B14C000FB1B3 /* Info.plist */,
				2797CF281AF9B14C000FB1B3 /* main.m */,
			);
			name = "Supporting Files";
			sourceTree = "<group>";
		};
		2797CF3F1AF9B14C000FB1B3 /* iStrongLiftTests */ = {
			isa = PBXGroup;
			children = (
				2797CF421AF9B14C000FB1B3 /* iStrongLiftTests.m */,
				2797CF401AF9B14C000FB1B3 /* Supporting Files */,
			);
			path = iStrongLiftTests;
			sourceTree = "<group>";
		};
		2797CF401AF9B14C000FB1B3 /* Supporting Files */ = {
			isa = PBXGroup;
			children = (
				2797CF411AF9B14C000FB1B3 /* Info.plist */,
			);
			name = "Supporting Files";
			sourceTree = "<group>";
		};
		2797CF521AF9C507000FB1B3 /* Model */ = {
			isa = PBXGroup;
			children = (
				2797CF561AFAA3C3000FB1B3 /* Exercise.h */,
				2797CF571AFAA3C3000FB1B3 /* Exercise.m */,
				2797CF591AFADE40000FB1B3 /* Set.h */,
				2797CF5A1AFADE40000FB1B3 /* Set.m */,
				2797CF4F1AF9C500000FB1B3 /* User.h */,
				2797CF501AF9C500000FB1B3 /* User.m */,
				2797CF531AFAA0F0000FB1B3 /* Workout.h */,
				2797CF541AFAA0F0000FB1B3 /* Workout.m */,
			);
			name = Model;
			sourceTree = "<group>";
		};
/* End PBXGroup section */

/* Begin PBXNativeTarget section */
		2797CF221AF9B14C000FB1B3 /* iStrongLift */ = {
			isa = PBXNativeTarget;
			buildConfigurationList = 2797CF461AF9B14C000FB1B3 /* Build configuration list for PBXNativeTarget "iStrongLift" */;
			buildPhases = (
				2797CF1F1AF9B14C000FB1B3 /* Sources */,
				2797CF201AF9B14C000FB1B3 /* Frameworks */,
				2797CF211AF9B14C000FB1B3 /* Resources */,
			);
			buildRules = (
			);
			dependencies = (
			);
			name = iStrongLift;
			productName = iStrongLift;
			productReference = 2797CF231AF9B14C000FB1B3 /* iStrongLift.app */;
			productType = "com.apple.product-type.application";
		};
		2797CF3B1AF9B14C000FB1B3 /* iStrongLiftTests */ = {
			isa = PBXNativeTarget;
			buildConfigurationList = 2797CF491AF9B14C000FB1B3 /* Build configuration list for PBXNativeTarget "iStrongLiftTests" */;
			buildPhases = (
				2797CF381AF9B14C000FB1B3 /* Sources */,
				2797CF391AF9B14C000FB1B3 /* Frameworks */,
				2797CF3A1AF9B14C000FB1B3 /* Resources */,
			);
			buildRules = (
			);
			dependencies = (
				2797CF3E1AF9B14C000FB1B3 /* PBXTargetDependency */,
			);
			name = iStrongLiftTests;
			productName = iStrongLiftTests;
			productReference = 2797CF3C1AF9B14C000FB1B3 /* iStrongLiftTests.xctest */;
			productType = "com.apple.product-type.bundle.unit-test";
		};
/* End PBXNativeTarget section */

/* Begin PBXProject section */
		2797CF1B1AF9B14C000FB1B3 /* Project object */ = {
			isa = PBXProject;
			attributes = {
				LastUpgradeCheck = 0610;
				ORGANIZATIONNAME = CS378;
				TargetAttributes = {
					2797CF221AF9B14C000FB1B3 = {
						CreatedOnToolsVersion = 6.1;
					};
					2797CF3B1AF9B14C000FB1B3 = {
						CreatedOnToolsVersion = 6.1;
						TestTargetID = 2797CF221AF9B14C000FB1B3;
					};
				};
			};
			buildConfigurationList = 2797CF1E1AF9B14C000FB1B3 /* Build configuration list for PBXProject "iStrongLift" */;
			compatibilityVersion = "Xcode 3.2";
			developmentRegion = English;
			hasScannedForEncodings = 0;
			knownRegions = (
				en,
				Base,
			);
			mainGroup = 2797CF1A1AF9B14C000FB1B3;
			productRefGroup = 2797CF241AF9B14C000FB1B3 /* Products */;
			projectDirPath = "";
			projectRoot = "";
			targets = (
				2797CF221AF9B14C000FB1B3 /* iStrongLift */,
				2797CF3B1AF9B14C000FB1B3 /* iStrongLiftTests */,
			);
		};
/* End PBXProject section */

/* Begin PBXResourcesBuildPhase section */
		2797CF211AF9B14C000FB1B3 /* Resources */ = {
			isa = PBXResourcesBuildPhase;
			buildActionMask = 2147483647;
			files = (
				275CCC011AFC915300C92955 /* Iphone Sms Original.mp3 in Resources */,
				2797CF321AF9B14C000FB1B3 /* Main.storyboard in Resources */,
				2797CF371AF9B14C000FB1B3 /* LaunchScreen.xib in Resources */,
				2797CF341AF9B14C000FB1B3 /* Images.xcassets in Resources */,
			);
			runOnlyForDeploymentPostprocessing = 0;
		};
		2797CF3A1AF9B14C000FB1B3 /* Resources */ = {
			isa = PBXResourcesBuildPhase;
			buildActionMask = 2147483647;
			files = (
			);
			runOnlyForDeploymentPostprocessing = 0;
		};
/* End PBXResourcesBuildPhase section */

/* Begin PBXSourcesBuildPhase section */
		2797CF1F1AF9B14C000FB1B3 /* Sources */ = {
			isa = PBXSourcesBuildPhase;
			buildActionMask = 2147483647;
			files = (
				2797CF511AF9C500000FB1B3 /* User.m in Sources */,
				2797CF2F1AF9B14C000FB1B3 /* ViewController.m in Sources */,
				275CCBFA1AFB38BF00C92955 /* TimerViewController.m in Sources */,
				2797CF2C1AF9B14C000FB1B3 /* AppDelegate.m in Sources */,
				2797CF291AF9B14C000FB1B3 /* main.m in Sources */,
				2797CF5B1AFADE40000FB1B3 /* Set.m in Sources */,
				2797CF4E1AF9BFDF000FB1B3 /* SettingsViewController.m in Sources */,
				2797CF581AFAA3C3000FB1B3 /* Exercise.m in Sources */,
				2797CF551AFAA0F0000FB1B3 /* Workout.m in Sources */,
				275CCBFD1AFB3B0C00C92955 /* ExerciseViewController.m in Sources */,
				2797CF5E1AFAE406000FB1B3 /* WorkoutViewController.m in Sources */,
			);
			runOnlyForDeploymentPostprocessing = 0;
		};
		2797CF381AF9B14C000FB1B3 /* Sources */ = {
			isa = PBXSourcesBuildPhase;
			buildActionMask = 2147483647;
			files = (
				2797CF431AF9B14C000FB1B3 /* iStrongLiftTests.m in Sources */,
			);
			runOnlyForDeploymentPostprocessing = 0;
		};
/* End PBXSourcesBuildPhase section */

/* Begin PBXTargetDependency section */
		2797CF3E1AF9B14C000FB1B3 /* PBXTargetDependency */ = {
			isa = PBXTargetDependency;
			target = 2797CF221AF9B14C000FB1B3 /* iStrongLift */;
			targetProxy = 2797CF3D1AF9B14C000FB1B3 /* PBXContainerItemProxy */;
		};
/* End PBXTargetDependency section */

/* Begin PBXVariantGroup section */
		2797CF301AF9B14C000FB1B3 /* Main.storyboard */ = {
			isa = PBXVariantGroup;
			children = (
				2797CF311AF9B14C000FB1B3 /* Base */,
			);
			name = Main.storyboard;
			sourceTree = "<group>";
		};
		2797CF351AF9B14C000FB1B3 /* LaunchScreen.xib */ = {
			isa = PBXVariantGroup;
			children = (
				2797CF361AF9B14C000FB1B3 /* Base */,
			);
			name = LaunchScreen.xib;
			sourceTree = "<group>";
		};
/* End PBXVariantGroup section */

/* Begin XCBuildConfiguration section */
		2797CF441AF9B14C000FB1B3 /* Debug */ = {
			isa = XCBuildConfiguration;
			buildSettings = {
				ALWAYS_SEARCH_USER_PATHS = NO;
				CLANG_CXX_LANGUAGE_STANDARD = "gnu++0x";
				CLANG_CXX_LIBRARY = "libc++";
				CLANG_ENABLE_MODULES = YES;
				CLANG_ENABLE_OBJC_ARC = YES;
				CLANG_WARN_BOOL_CONVERSION = YES;
				CLANG_WARN_CONSTANT_CONVERSION = YES;
				CLANG_WARN_DIRECT_OBJC_ISA_USAGE = YES_ERROR;
				CLANG_WARN_EMPTY_BODY = YES;
				CLANG_WARN_ENUM_CONVERSION = YES;
				CLANG_WARN_INT_CONVERSION = YES;
				CLANG_WARN_OBJC_ROOT_CLASS = YES_ERROR;
				CLANG_WARN_UNREACHABLE_CODE = YES;
				CLANG_WARN__DUPLICATE_METHOD_MATCH = YES;
				"CODE_SIGN_IDENTITY[sdk=iphoneos*]" = "iPhone Developer";
				COPY_PHASE_STRIP = NO;
				ENABLE_STRICT_OBJC_MSGSEND = YES;
				GCC_C_LANGUAGE_STANDARD = gnu99;
				GCC_DYNAMIC_NO_PIC = NO;
				GCC_OPTIMIZATION_LEVEL = 0;
				GCC_PREPROCESSOR_DEFINITIONS = (
					"DEBUG=1",
					"$(inherited)",
				);
				GCC_SYMBOLS_PRIVATE_EXTERN = NO;
				GCC_WARN_64_TO_32_BIT_CONVERSION = YES;
				GCC_WARN_ABOUT_RETURN_TYPE = YES_ERROR;
				GCC_WARN_UNDECLARED_SELECTOR = YES;
				GCC_WARN_UNINITIALIZED_AUTOS = YES_AGGRESSIVE;
				GCC_WARN_UNUSED_FUNCTION = YES;
				GCC_WARN_UNUSED_VARIABLE = YES;
				IPHONEOS_DEPLOYMENT_TARGET = 8.1;
				MTL_ENABLE_DEBUG_INFO = YES;
				ONLY_ACTIVE_ARCH = YES;
				SDKROOT = iphoneos;
			};
			name = Debug;
		};
		2797CF451AF9B14C000FB1B3 /* Release */ = {
			isa = XCBuildConfiguration;
			buildSettings = {
				ALWAYS_SEARCH_USER_PATHS = NO;
				CLANG_CXX_LANGUAGE_STANDARD = "gnu++0x";
				CLANG_CXX_LIBRARY = "libc++";
				CLANG_ENABLE_MODULES = YES;
				CLANG_ENABLE_OBJC_ARC = YES;
				CLANG_WARN_BOOL_CONVERSION = YES;
				CLANG_WARN_CONSTANT_CONVERSION = YES;
				CLANG_WARN_DIRECT_OBJC_ISA_USAGE = YES_ERROR;
				CLANG_WARN_EMPTY_BODY = YES;
				CLANG_WARN_ENUM_CONVERSION = YES;
				CLANG_WARN_INT_CONVERSION = YES;
				CLANG_WARN_OBJC_ROOT_CLASS = YES_ERROR;
				CLANG_WARN_UNREACHABLE_CODE = YES;
				CLANG_WARN__DUPLICATE_METHOD_MATCH = YES;
				"CODE_SIGN_IDENTITY[sdk=iphoneos*]" = "iPhone Developer";
				COPY_PHASE_STRIP = YES;
				ENABLE_NS_ASSERTIONS = NO;
				ENABLE_STRICT_OBJC_MSGSEND = YES;
				GCC_C_LANGUAGE_STANDARD = gnu99;
				GCC_WARN_64_TO_32_BIT_CONVERSION = YES;
				GCC_WARN_ABOUT_RETURN_TYPE = YES_ERROR;
				GCC_WARN_UNDECLARED_SELECTOR = YES;
				GCC_WARN_UNINITIALIZED_AUTOS = YES_AGGRESSIVE;
				GCC_WARN_UNUSED_FUNCTION = YES;
				GCC_WARN_UNUSED_VARIABLE = YES;
				IPHONEOS_DEPLOYMENT_TARGET = 8.1;
				MTL_ENABLE_DEBUG_INFO = NO;
				SDKROOT = iphoneos;
				VALIDATE_PRODUCT = YES;
			};
			name = Release;
		};
		2797CF471AF9B14C000FB1B3 /* Debug */ = {
			isa = XCBuildConfiguration;
			buildSettings = {
				ASSETCATALOG_COMPILER_APPICON_NAME = AppIcon;
				CODE_SIGN_IDENTITY = "iPhone Developer";
				INFOPLIST_FILE = iStrongLift/Info.plist;
				LD_RUNPATH_SEARCH_PATHS = "$(inherited) @executable_path/Frameworks";
				PRODUCT_NAME = "$(TARGET_NAME)";
				TARGETED_DEVICE_FAMILY = 1;
			};
			name = Debug;
		};
		2797CF481AF9B14C000FB1B3 /* Release */ = {
			isa = XCBuildConfiguration;
			buildSettings = {
				ASSETCATALOG_COMPILER_APPICON_NAME = AppIcon;
				CODE_SIGN_IDENTITY = "iPhone Developer";
				INFOPLIST_FILE = iStrongLift/Info.plist;
				LD_RUNPATH_SEARCH_PATHS = "$(inherited) @executable_path/Frameworks";
				PRODUCT_NAME = "$(TARGET_NAME)";
				TARGETED_DEVICE_FAMILY = 1;
			};
			name = Release;
		};
		2797CF4A1AF9B14C000FB1B3 /* Debug */ = {
			isa = XCBuildConfiguration;
			buildSettings = {
				BUNDLE_LOADER = "$(TEST_HOST)";
				FRAMEWORK_SEARCH_PATHS = (
					"$(SDKROOT)/Developer/Library/Frameworks",
					"$(inherited)",
				);
				GCC_PREPROCESSOR_DEFINITIONS = (
					"DEBUG=1",
					"$(inherited)",
				);
				INFOPLIST_FILE = iStrongLiftTests/Info.plist;
				LD_RUNPATH_SEARCH_PATHS = "$(inherited) @executable_path/Frameworks @loader_path/Frameworks";
				PRODUCT_NAME = "$(TARGET_NAME)";
				TEST_HOST = "$(BUILT_PRODUCTS_DIR)/iStrongLift.app/iStrongLift";
			};
			name = Debug;
		};
		2797CF4B1AF9B14C000FB1B3 /* Release */ = {
			isa = XCBuildConfiguration;
			buildSettings = {
				BUNDLE_LOADER = "$(TEST_HOST)";
				FRAMEWORK_SEARCH_PATHS = (
					"$(SDKROOT)/Developer/Library/Frameworks",
					"$(inherited)",
				);
				INFOPLIST_FILE = iStrongLiftTests/Info.plist;
				LD_RUNPATH_SEARCH_PATHS = "$(inherited) @executable_path/Frameworks @loader_path/Frameworks";
				PRODUCT_NAME = "$(TARGET_NAME)";
				TEST_HOST = "$(BUILT_PRODUCTS_DIR)/iStrongLift.app/iStrongLift";
			};
			name = Release;
		};
/* End XCBuildConfiguration section */

/* Begin XCConfigurationList section */
		2797CF1E1AF9B14C000FB1B3 /* Build configuration list for PBXProject "iStrongLift" */ = {
			isa = XCConfigurationList;
			buildConfigurations = (
				2797CF441AF9B14C000FB1B3 /* Debug */,
				2797CF451AF9B14C000FB1B3 /* Release */,
			);
			defaultConfigurationIsVisible = 0;
			defaultConfigurationName = Release;
		};
		2797CF461AF9B14C000FB1B3 /* Build configuration list for PBXNativeTarget "iStrongLift" */ = {
			isa = XCConfigurationList;
			buildConfigurations = (
				2797CF471AF9B14C000FB1B3 /* Debug */,
				2797CF481AF9B14C000FB1B3 /* Release */,
			);
			defaultConfigurationIsVisible = 0;
			defaultConfigurationName = Release;
		};
		2797CF491AF9B14C000FB1B3 /* Build configuration list for PBXNativeTarget "iStrongLiftTests" */ = {
			isa = XCConfigurationList;
			buildConfigurations = (
				2797CF4A1AF9B14C000FB1B3 /* Debug */,
				2797CF4B1AF9B14C000FB1B3 /* Release */,
			);
			defaultConfigurationIsVisible = 0;
			defaultConfigurationName = Release;
		};
/* End XCConfigurationList section */
	};
	rootObject = 2797CF1B1AF9B14C000FB1B3 /* Project object */;
}
